
Microsoft Visual Studio Solution File, Format Version 12.00
# Visual Studio Version 16
VisualStudioVersion = 16.0.29905.134
MinimumVisualStudioVersion = 10.0.40219.1
Project("{FAE04EC0-301F-11D3-BF4B-00C04F79EFBC}") = "SampleEvents", "SampleEvents.csproj", "{C4D50915-4CDC-47B1-98D2-488F52A2D776}"
EndProject
Global
	GlobalSection(SolutionConfigurationPlatforms) = preSolution
		Debug|Any CPU = Debug|Any CPU
		Release|Any CPU = Release|Any CPU
	EndGlobalSection
	GlobalSection(ProjectConfigurationPlatforms) = postSolution
		{C4D50915-4CDC-47B1-98D2-488F52A2D776}.Debug|Any CPU.ActiveCfg = Debug|Any CPU
		{C4D50915-4CDC-47B1-98D2-488F52A2D776}.Debug|Any CPU.Build.0 = Debug|Any CPU
		{C4D50915-4CDC-47B1-98D2-488F52A2D776}.Release|Any CPU.ActiveCfg = Release|Any CPU
		{C4D50915-4CDC-47B1-98D2-488F52A2D776}.Release|Any CPU.Build.0 = Release|Any CPU
	EndGlobalSection
	GlobalSection(SolutionProperties) = preSolution
		HideSolutionNode = FALSE
	EndGlobalSection
	GlobalSection(ExtensibilityGlobals) = postSolution
		SolutionGuid = {1A5682BD-91E5-4381-8144-B1DAA14BE237}
	EndGlobalSection
EndGlobal
