
Microsoft Visual Studio Solution File, Format Version 12.00
# Visual Studio Version 16
VisualStudioVersion = 16.0.29905.134
MinimumVisualStudioVersion = 10.0.40219.1
Project("{FAE04EC0-301F-11D3-BF4B-00C04F79EFBC}") = "ProductLibrary", "ProductLibrary.csproj", "{D8F76D16-F57F-47A9-B4B5-E62E4AEB3221}"
EndProject
Global
	GlobalSection(SolutionConfigurationPlatforms) = preSolution
		Debug|Any CPU = Debug|Any CPU
		Release|Any CPU = Release|Any CPU
	EndGlobalSection
	GlobalSection(ProjectConfigurationPlatforms) = postSolution
		{D8F76D16-F57F-47A9-B4B5-E62E4AEB3221}.Debug|Any CPU.ActiveCfg = Debug|Any CPU
		{D8F76D16-F57F-47A9-B4B5-E62E4AEB3221}.Debug|Any CPU.Build.0 = Debug|Any CPU
		{D8F76D16-F57F-47A9-B4B5-E62E4AEB3221}.Release|Any CPU.ActiveCfg = Debug|Any CPU
		{D8F76D16-F57F-47A9-B4B5-E62E4AEB3221}.Release|Any CPU.Build.0 = Debug|Any CPU
	EndGlobalSection
	GlobalSection(SolutionProperties) = preSolution
		HideSolutionNode = FALSE
	EndGlobalSection
	GlobalSection(ExtensibilityGlobals) = postSolution
		SolutionGuid = {A6471E0A-04B2-4D6B-912B-189D0963E280}
	EndGlobalSection
EndGlobal
